
Microsoft Visual Studio Solution File, Format Version 12.00
# Blend for Visual Studio Version 17
VisualStudioVersion = 17.13.35931.197
MinimumVisualStudioVersion = 10.0.40219.1
Project("{FAE04EC0-301F-11D3-BF4B-00C04F79EFBC}") = "ReactorControl", "ReactorControl_wpf_v2025\ReactorControl.csproj", "{8E15612C-4CEA-4B74-ACBF-F0E220A598BA}"
EndProject
Project("{FAE04EC0-301F-11D3-BF4B-00C04F79EFBC}") = "ProcessValue", "ReactorControl_wpf_v2025\ProcessValue\ProcessValue.csproj", "{3025F83F-2F06-4D58-A4BC-921EEAA0E130}"
EndProject
Global
	GlobalSection(SolutionConfigurationPlatforms) = preSolution
		Debug|Any CPU = Debug|Any CPU
		Release|Any CPU = Release|Any CPU
	EndGlobalSection
	GlobalSection(ProjectConfigurationPlatforms) = postSolution
		{8E15612C-4CEA-4B74-ACBF-F0E220A598BA}.Debug|Any CPU.ActiveCfg = Debug|Any CPU
		{8E15612C-4CEA-4B74-ACBF-F0E220A598BA}.Debug|Any CPU.Build.0 = Debug|Any CPU
		{8E15612C-4CEA-4B74-ACBF-F0E220A598BA}.Release|Any CPU.ActiveCfg = Release|Any CPU
		{8E15612C-4CEA-4B74-ACBF-F0E220A598BA}.Release|Any CPU.Build.0 = Release|Any CPU
		{3025F83F-2F06-4D58-A4BC-921EEAA0E130}.Debug|Any CPU.ActiveCfg = Debug|Any CPU
		{3025F83F-2F06-4D58-A4BC-921EEAA0E130}.Debug|Any CPU.Build.0 = Debug|Any CPU
		{3025F83F-2F06-4D58-A4BC-921EEAA0E130}.Release|Any CPU.ActiveCfg = Release|Any CPU
		{3025F83F-2F06-4D58-A4BC-921EEAA0E130}.Release|Any CPU.Build.0 = Release|Any CPU
	EndGlobalSection
	GlobalSection(SolutionProperties) = preSolution
		HideSolutionNode = FALSE
	EndGlobalSection
	GlobalSection(ExtensibilityGlobals) = postSolution
		SolutionGuid = {8F1E481C-82D4-4701-AA59-CEAC00BFBAB9}
	EndGlobalSection
EndGlobal
